PODS:
  - Alamofire (4.5.0)
  - AlamofireObjectMapper (4.1.0):
    - Alamofire (~> 4.1)
    - ObjectMapper (~> 2.0)
  - HTTPStatusCodes (3.1.2)
  - ObjectMapper (2.2.8)
  - Realm (2.8.3):
    - Realm/Headers (= 2.8.3)
  - Realm/Headers (2.8.3)
  - RealmSwift (2.8.3):
    - Realm (= 2.8.3)
  - SwiftyJSON (3.1.4)
  - SwiftyUserDefaults (3.0.0)

DEPENDENCIES:
  - Alamofire
  - AlamofireObjectMapper (~> 4.0)
  - HTTPStatusCodes
  - ObjectMapper
  - RealmSwift
  - SwiftyJSON
  - SwiftyUserDefaults

SPEC CHECKSUMS:
  Alamofire: f28cdffd29de33a7bfa022cbd63ae95a27fae140
  AlamofireObjectMapper: 435adc82f5b367679bd9e71c4974a54efd0b2521
  HTTPStatusCodes: 88155ba36826366a898a7b4f34d311f49083d546
  ObjectMapper: 3d571bb5af471c779e1160828cd9ad5c4ef90958
  Realm: 3601ef091c8c499a31101d8563b991e75546cdce
  RealmSwift: 8183818515471b01a99abdd2970f8e4fd52b6f4a
  SwiftyJSON: c2842d878f95482ffceec5709abc3d05680c0220
  SwiftyUserDefaults: 0f1d45fc3aafb9064dac661e367f8f83fe21a4b4

PODFILE CHECKSUM: de3aaf4564797805fe971091db0450d2c1aacc61

COCOAPODS: 1.2.1
